// !$*UTF8*$!
{
	archiveVersion = 1;
	classes = {
	};
	objectVersion = 46;
	objects = {

/* Begin PBXBuildFile section */
		6FEA2BAE1E2FABF5002AE835 /* AppDelegate.swift in Sources */ = {isa = PBXBuildFile; fileRef = 6FEA2BAD1E2FABF5002AE835 /* AppDelegate.swift */; };
		6FEA2BB01E2FABF5002AE835 /* ViewController.swift in Sources */ = {isa = PBXBuildFile; fileRef = 6FEA2BAF1E2FABF5002AE835 /* ViewController.swift */; };
		6FEA2BB31E2FABF5002AE835 /* Main.storyboard in Resources */ = {isa = PBXBuildFile; fileRef = 6FEA2BB11E2FABF5002AE835 /* Main.storyboard */; };
		6FEA2BB51E2FABF5002AE835 /* Assets.xcassets in Resources */ = {isa = PBXBuildFile; fileRef = 6FEA2BB41E2FABF5002AE835 /* Assets.xcassets */; };
		6FEA2BB81E2FABF5002AE835 /* LaunchScreen.storyboard in Resources */ = {isa = PBXBuildFile; fileRef = 6FEA2BB61E2FABF5002AE835 /* LaunchScreen.storyboard */; };
		6FEA2BC51E2FB3E2002AE835 /* blizzard.png in Resources */ = {isa = PBXBuildFile; fileRef = 6FEA2BC01E2FB3E2002AE835 /* blizzard.png */; };
		6FEA2BC61E2FB3E2002AE835 /* cloudy.png in Resources */ = {isa = PBXBuildFile; fileRef = 6FEA2BC11E2FB3E2002AE835 /* cloudy.png */; };
		6FEA2BC71E2FB3E2002AE835 /* rainy.png in Resources */ = {isa = PBXBuildFile; fileRef = 6FEA2BC21E2FB3E2002AE835 /* rainy.png */; };
		6FEA2BC81E2FB3E2002AE835 /* snow.png in Resources */ = {isa = PBXBuildFile; fileRef = 6FEA2BC31E2FB3E2002AE835 /* snow.png */; };
		6FEA2BC91E2FB3E2002AE835 /* sunny.png in Resources */ = {isa = PBXBuildFile; fileRef = 6FEA2BC41E2FB3E2002AE835 /* sunny.png */; };
/* End PBXBuildFile section */

/* Begin PBXFileReference section */
		6FEA2BAA1E2FABF5002AE835 /* WeatherTable.app */ = {isa = PBXFileReference; explicitFileType = wrapper.application; includeInIndex = 0; path = WeatherTable.app; sourceTree = BUILT_PRODUCTS_DIR; };
		6FEA2BAD1E2FABF5002AE835 /* AppDelegate.swift */ = {isa = PBXFileReference; lastKnownFileType = sourcecode.swift; path = AppDelegate.swift; sourceTree = "<group>"; };
		6FEA2BAF1E2FABF5002AE835 /* ViewController.swift */ = {isa = PBXFileReference; lastKnownFileType = sourcecode.swift; path = ViewController.swift; sourceTree = "<group>"; };
		6FEA2BB21E2FABF5002AE835 /* Base */ = {isa = PBXFileReference; lastKnownFileType = file.storyboard; name = Base; path = Base.lproj/Main.storyboard; sourceTree = "<group>"; };
		6FEA2BB41E2FABF5002AE835 /* Assets.xcassets */ = {isa = PBXFileReference; lastKnownFileType = folder.assetcatalog; path = Assets.xcassets; sourceTree = "<group>"; };
		6FEA2BB71E2FABF5002AE835 /* Base */ = {isa = PBXFileReference; lastKnownFileType = file.storyboard; name = Base; path = Base.lproj/LaunchScreen.storyboard; sourceTree = "<group>"; };
		6FEA2BB91E2FABF5002AE835 /* Info.plist */ = {isa = PBXFileReference; lastKnownFileType = text.plist.xml; path = Info.plist; sourceTree = "<group>"; };
		6FEA2BC01E2FB3E2002AE835 /* blizzard.png */ = {isa = PBXFileReference; lastKnownFileType = image.png; path = blizzard.png; sourceTree = "<group>"; };
		6FEA2BC11E2FB3E2002AE835 /* cloudy.png */ = {isa = PBXFileReference; lastKnownFileType = image.png; path = cloudy.png; sourceTree = "<group>"; };
		6FEA2BC21E2FB3E2002AE835 /* rainy.png */ = {isa = PBXFileReference; lastKnownFileType = image.png; path = rainy.png; sourceTree = "<group>"; };
		6FEA2BC31E2FB3E2002AE835 /* snow.png */ = {isa = PBXFileReference; lastKnownFileType = image.png; path = snow.png; sourceTree = "<group>"; };
		6FEA2BC41E2FB3E2002AE835 /* sunny.png */ = {isa = PBXFileReference; lastKnownFileType = image.png; path = sunny.png; sourceTree = "<group>"; };
/* End PBXFileReference section */

/* Begin PBXFrameworksBuildPhase section */
		6FEA2BA71E2FABF5002AE835 /* Frameworks */ = {
			isa = PBXFrameworksBuildPhase;
			buildActionMask = 2147483647;
			files = (
			);
			runOnlyForDeploymentPostprocessing = 0;
		};
/* End PBXFrameworksBuildPhase section */

/* Begin PBXGroup section */
		6FEA2BA11E2FABF5002AE835 = {
			isa = PBXGroup;
			children = (
				6FEA2BAC1E2FABF5002AE835 /* WeatherTable */,
				6FEA2BAB1E2FABF5002AE835 /* Products */,
			);
			sourceTree = "<group>";
		};
		6FEA2BAB1E2FABF5002AE835 /* Products */ = {
			isa = PBXGroup;
			children = (
				6FEA2BAA1E2FABF5002AE835 /* WeatherTable.app */,
			);
			name = Products;
			sourceTree = "<group>";
		};
		6FEA2BAC1E2FABF5002AE835 /* WeatherTable */ = {
			isa = PBXGroup;
			children = (
				6FEA2BBF1E2FB37D002AE835 /* New Group */,
				6FEA2BAD1E2FABF5002AE835 /* AppDelegate.swift */,
				6FEA2BAF1E2FABF5002AE835 /* ViewController.swift */,
				6FEA2BB11E2FABF5002AE835 /* Main.storyboard */,
				6FEA2BB41E2FABF5002AE835 /* Assets.xcassets */,
				6FEA2BB61E2FABF5002AE835 /* LaunchScreen.storyboard */,
				6FEA2BB91E2FABF5002AE835 /* Info.plist */,
			);
			path = WeatherTable;
			sourceTree = "<group>";
		};
		6FEA2BBF1E2FB37D002AE835 /* New Group */ = {
			isa = PBXGroup;
			children = (
				6FEA2BC01E2FB3E2002AE835 /* blizzard.png */,
				6FEA2BC11E2FB3E2002AE835 /* cloudy.png */,
				6FEA2BC21E2FB3E2002AE835 /* rainy.png */,
				6FEA2BC31E2FB3E2002AE835 /* snow.png */,
				6FEA2BC41E2FB3E2002AE835 /* sunny.png */,
			);
			name = "New Group";
			sourceTree = "<group>";
		};
/* End PBXGroup section */

/* Begin PBXNativeTarget section */
		6FEA2BA91E2FABF5002AE835 /* WeatherTable */ = {
			isa = PBXNativeTarget;
			buildConfigurationList = 6FEA2BBC1E2FABF5002AE835 /* Build configuration list for PBXNativeTarget "WeatherTable" */;
			buildPhases = (
				6FEA2BA61E2FABF5002AE835 /* Sources */,
				6FEA2BA71E2FABF5002AE835 /* Frameworks */,
				6FEA2BA81E2FABF5002AE835 /* Resources */,
			);
			buildRules = (
			);
			dependencies = (
			);
			name = WeatherTable;
			productName = WeatherTable;
			productReference = 6FEA2BAA1E2FABF5002AE835 /* WeatherTable.app */;
			productType = "com.apple.product-type.application";
		};
/* End PBXNativeTarget section */

/* Begin PBXProject section */
		6FEA2BA21E2FABF5002AE835 /* Project object */ = {
			isa = PBXProject;
			attributes = {
				LastSwiftUpdateCheck = 0820;
				LastUpgradeCheck = 0820;
				ORGANIZATIONNAME = YoungsooHan;
				TargetAttributes = {
					6FEA2BA91E2FABF5002AE835 = {
						CreatedOnToolsVersion = 8.2.1;
						ProvisioningStyle = Automatic;
					};
				};
			};
			buildConfigurationList = 6FEA2BA51E2FABF5002AE835 /* Build configuration list for PBXProject "WeatherTable" */;
			compatibilityVersion = "Xcode 3.2";
			developmentRegion = English;
			hasScannedForEncodings = 0;
			knownRegions = (
				en,
				Base,
			);
			mainGroup = 6FEA2BA11E2FABF5002AE835;
			productRefGroup = 6FEA2BAB1E2FABF5002AE835 /* Products */;
			projectDirPath = "";
			projectRoot = "";
			targets = (
				6FEA2BA91E2FABF5002AE835 /* WeatherTable */,
			);
		};
/* End PBXProject section */

/* Begin PBXResourcesBuildPhase section */
		6FEA2BA81E2FABF5002AE835 /* Resources */ = {
			isa = PBXResourcesBuildPhase;
			buildActionMask = 2147483647;
			files = (
				6FEA2BB81E2FABF5002AE835 /* LaunchScreen.storyboard in Resources */,
				6FEA2BC91E2FB3E2002AE835 /* sunny.png in Resources */,
				6FEA2BC71E2FB3E2002AE835 /* rainy.png in Resources */,
				6FEA2BC51E2FB3E2002AE835 /* blizzard.png in Resources */,
				6FEA2BB51E2FABF5002AE835 /* Assets.xcassets in Resources */,
				6FEA2BC61E2FB3E2002AE835 /* cloudy.png in Resources */,
				6FEA2BC81E2FB3E2002AE835 /* snow.png in Resources */,
				6FEA2BB31E2FABF5002AE835 /* Main.storyboard in Resources */,
			);
			runOnlyForDeploymentPostprocessing = 0;
		};
/* End PBXResourcesBuildPhase section */

/* Begin PBXSourcesBuildPhase section */
		6FEA2BA61E2FABF5002AE835 /* Sources */ = {
			isa = PBXSourcesBuildPhase;
			buildActionMask = 2147483647;
			files = (
				6FEA2BB01E2FABF5002AE835 /* ViewController.swift in Sources */,
				6FEA2BAE1E2FABF5002AE835 /* AppDelegate.swift in Sources */,
			);
			runOnlyForDeploymentPostprocessing = 0;
		};
/* End PBXSourcesBuildPhase section */

/* Begin PBXVariantGroup section */
		6FEA2BB11E2FABF5002AE835 /* Main.storyboard */ = {
			isa = PBXVariantGroup;
			children = (
				6FEA2BB21E2FABF5002AE835 /* Base */,
			);
			name = Main.storyboard;
			sourceTree = "<group>";
		};
		6FEA2BB61E2FABF5002AE835 /* LaunchScreen.storyboard */ = {
			isa = PBXVariantGroup;
			children = (
				6FEA2BB71E2FABF5002AE835 /* Base */,
			);
			name = LaunchScreen.storyboard;
			sourceTree = "<group>";
		};
/* End PBXVariantGroup section */

/* Begin XCBuildConfiguration section */
		6FEA2BBA1E2FABF5002AE835 /* Debug */ = {
			isa = XCBuildConfiguration;
			buildSettings = {
				ALWAYS_SEARCH_USER_PATHS = NO;
				CLANG_ANALYZER_NONNULL = YES;
				CLANG_CXX_LANGUAGE_STANDARD = "gnu++0x";
				CLANG_CXX_LIBRARY = "libc++";
				CLANG_ENABLE_MODULES = YES;
				CLANG_ENABLE_OBJC_ARC = YES;
				CLANG_WARN_BOOL_CONVERSION = YES;
				CLANG_WARN_CONSTANT_CONVERSION = YES;
				CLANG_WARN_DIRECT_OBJC_ISA_USAGE = YES_ERROR;
				CLANG_WARN_DOCUMENTATION_COMMENTS = YES;
				CLANG_WARN_EMPTY_BODY = YES;
				CLANG_WARN_ENUM_CONVERSION = YES;
				CLANG_WARN_INFINITE_RECURSION = YES;
				CLANG_WARN_INT_CONVERSION = YES;
				CLANG_WARN_OBJC_ROOT_CLASS = YES_ERROR;
				CLANG_WARN_SUSPICIOUS_MOVE = YES;
				CLANG_WARN_UNREACHABLE_CODE = YES;
				CLANG_WARN__DUPLICATE_METHOD_MATCH = YES;
				"CODE_SIGN_IDENTITY[sdk=iphoneos*]" = "iPhone Developer";
				COPY_PHASE_STRIP = NO;
				DEBUG_INFORMATION_FORMAT = dwarf;
				ENABLE_STRICT_OBJC_MSGSEND = YES;
				ENABLE_TESTABILITY = YES;
				GCC_C_LANGUAGE_STANDARD = gnu99;
				GCC_DYNAMIC_NO_PIC = NO;
				GCC_NO_COMMON_BLOCKS = YES;
				GCC_OPTIMIZATION_LEVEL = 0;
				GCC_PREPROCESSOR_DEFINITIONS = (
					"DEBUG=1",
					"$(inherited)",
				);
				GCC_WARN_64_TO_32_BIT_CONVERSION = YES;
				GCC_WARN_ABOUT_RETURN_TYPE = YES_ERROR;
				GCC_WARN_UNDECLARED_SELECTOR = YES;
				GCC_WARN_UNINITIALIZED_AUTOS = YES_AGGRESSIVE;
				GCC_WARN_UNUSED_FUNCTION = YES;
				GCC_WARN_UNUSED_VARIABLE = YES;
				IPHONEOS_DEPLOYMENT_TARGET = 10.2;
				MTL_ENABLE_DEBUG_INFO = YES;
				ONLY_ACTIVE_ARCH = YES;
				SDKROOT = iphoneos;
				SWIFT_ACTIVE_COMPILATION_CONDITIONS = DEBUG;
				SWIFT_OPTIMIZATION_LEVEL = "-Onone";
			};
			name = Debug;
		};
		6FEA2BBB1E2FABF5002AE835 /* Release */ = {
			isa = XCBuildConfiguration;
			buildSettings = {
				ALWAYS_SEARCH_USER_PATHS = NO;
				CLANG_ANALYZER_NONNULL = YES;
				CLANG_CXX_LANGUAGE_STANDARD = "gnu++0x";
				CLANG_CXX_LIBRARY = "libc++";
				CLANG_ENABLE_MODULES = YES;
				CLANG_ENABLE_OBJC_ARC = YES;
				CLANG_WARN_BOOL_CONVERSION = YES;
				CLANG_WARN_CONSTANT_CONVERSION = YES;
				CLANG_WARN_DIRECT_OBJC_ISA_USAGE = YES_ERROR;
				CLANG_WARN_DOCUMENTATION_COMMENTS = YES;
				CLANG_WARN_EMPTY_BODY = YES;
				CLANG_WARN_ENUM_CONVERSION = YES;
				CLANG_WARN_INFINITE_RECURSION = YES;
				CLANG_WARN_INT_CONVERSION = YES;
				CLANG_WARN_OBJC_ROOT_CLASS = YES_ERROR;
				CLANG_WARN_SUSPICIOUS_MOVE = YES;
				CLANG_WARN_UNREACHABLE_CODE = YES;
				CLANG_WARN__DUPLICATE_METHOD_MATCH = YES;
				"CODE_SIGN_IDENTITY[sdk=iphoneos*]" = "iPhone Developer";
				COPY_PHASE_STRIP = NO;
				DEBUG_INFORMATION_FORMAT = "dwarf-with-dsym";
				ENABLE_NS_ASSERTIONS = NO;
				ENABLE_STRICT_OBJC_MSGSEND = YES;
				GCC_C_LANGUAGE_STANDARD = gnu99;
				GCC_NO_COMMON_BLOCKS = YES;
				GCC_WARN_64_TO_32_BIT_CONVERSION = YES;
				GCC_WARN_ABOUT_RETURN_TYPE = YES_ERROR;
				GCC_WARN_UNDECLARED_SELECTOR = YES;
				GCC_WARN_UNINITIALIZED_AUTOS = YES_AGGRESSIVE;
				GCC_WARN_UNUSED_FUNCTION = YES;
				GCC_WARN_UNUSED_VARIABLE = YES;
				IPHONEOS_DEPLOYMENT_TARGET = 10.2;
				MTL_ENABLE_DEBUG_INFO = NO;
				SDKROOT = iphoneos;
				SWIFT_OPTIMIZATION_LEVEL = "-Owholemodule";
				VALIDATE_PRODUCT = YES;
			};
			name = Release;
		};
		6FEA2BBD1E2FABF5002AE835 /* Debug */ = {
			isa = XCBuildConfiguration;
			buildSettings = {
				ASSETCATALOG_COMPILER_APPICON_NAME = AppIcon;
				INFOPLIST_FILE = WeatherTable/Info.plist;
				LD_RUNPATH_SEARCH_PATHS = "$(inherited) @executable_path/Frameworks";
				PRODUCT_BUNDLE_IDENTIFIER = com.hys.develop.WeatherTable;
				PRODUCT_NAME = "$(TARGET_NAME)";
				SWIFT_VERSION = 3.0;
			};
			name = Debug;
		};
		6FEA2BBE1E2FABF5002AE835 /* Release */ = {
			isa = XCBuildConfiguration;
			buildSettings = {
				ASSETCATALOG_COMPILER_APPICON_NAME = AppIcon;
				INFOPLIST_FILE = WeatherTable/Info.plist;
				LD_RUNPATH_SEARCH_PATHS = "$(inherited) @executable_path/Frameworks";
				PRODUCT_BUNDLE_IDENTIFIER = com.hys.develop.WeatherTable;
				PRODUCT_NAME = "$(TARGET_NAME)";
				SWIFT_VERSION = 3.0;
			};
			name = Release;
		};
/* End XCBuildConfiguration section */

/* Begin XCConfigurationList section */
		6FEA2BA51E2FABF5002AE835 /* Build configuration list for PBXProject "WeatherTable" */ = {
			isa = XCConfigurationList;
			buildConfigurations = (
				6FEA2BBA1E2FABF5002AE835 /* Debug */,
				6FEA2BBB1E2FABF5002AE835 /* Release */,
			);
			defaultConfigurationIsVisible = 0;
			defaultConfigurationName = Release;
		};
		6FEA2BBC1E2FABF5002AE835 /* Build configuration list for PBXNativeTarget "WeatherTable" */ = {
			isa = XCConfigurationList;
			buildConfigurations = (
				6FEA2BBD1E2FABF5002AE835 /* Debug */,
				6FEA2BBE1E2FABF5002AE835 /* Release */,
			);
			defaultConfigurationIsVisible = 0;
		};
/* End XCConfigurationList section */
	};
	rootObject = 6FEA2BA21E2FABF5002AE835 /* Project object */;
}
