// !$*UTF8*$!
{
	archiveVersion = 1;
	classes = {
	};
	objectVersion = 46;
	objects = {

/* Begin PBXBuildFile section */
		6F765B631E50744D002B1BB2 /* main.m in Sources */ = {isa = PBXBuildFile; fileRef = 6F765B621E50744D002B1BB2 /* main.m */; };
		6F765B661E50744D002B1BB2 /* AppDelegate.m in Sources */ = {isa = PBXBuildFile; fileRef = 6F765B651E50744D002B1BB2 /* AppDelegate.m */; };
		6F765B6C1E50744D002B1BB2 /* Main.storyboard in Resources */ = {isa = PBXBuildFile; fileRef = 6F765B6A1E50744D002B1BB2 /* Main.storyboard */; };
		6F765B6E1E50744D002B1BB2 /* Assets.xcassets in Resources */ = {isa = PBXBuildFile; fileRef = 6F765B6D1E50744D002B1BB2 /* Assets.xcassets */; };
		6F765B711E50744D002B1BB2 /* LaunchScreen.storyboard in Resources */ = {isa = PBXBuildFile; fileRef = 6F765B6F1E50744D002B1BB2 /* LaunchScreen.storyboard */; };
		6F765B7A1E5075A5002B1BB2 /* MasterViewController.m in Sources */ = {isa = PBXBuildFile; fileRef = 6F765B791E5075A5002B1BB2 /* MasterViewController.m */; };
/* End PBXBuildFile section */

/* Begin PBXFileReference section */
		6F765B5E1E50744D002B1BB2 /* CustomCell.app */ = {isa = PBXFileReference; explicitFileType = wrapper.application; includeInIndex = 0; path = CustomCell.app; sourceTree = BUILT_PRODUCTS_DIR; };
		6F765B621E50744D002B1BB2 /* main.m */ = {isa = PBXFileReference; lastKnownFileType = sourcecode.c.objc; path = main.m; sourceTree = "<group>"; };
		6F765B641E50744D002B1BB2 /* AppDelegate.h */ = {isa = PBXFileReference; lastKnownFileType = sourcecode.c.h; path = AppDelegate.h; sourceTree = "<group>"; };
		6F765B651E50744D002B1BB2 /* AppDelegate.m */ = {isa = PBXFileReference; lastKnownFileType = sourcecode.c.objc; path = AppDelegate.m; sourceTree = "<group>"; };
		6F765B6B1E50744D002B1BB2 /* Base */ = {isa = PBXFileReference; lastKnownFileType = file.storyboard; name = Base; path = Base.lproj/Main.storyboard; sourceTree = "<group>"; };
		6F765B6D1E50744D002B1BB2 /* Assets.xcassets */ = {isa = PBXFileReference; lastKnownFileType = folder.assetcatalog; path = Assets.xcassets; sourceTree = "<group>"; };
		6F765B701E50744D002B1BB2 /* Base */ = {isa = PBXFileReference; lastKnownFileType = file.storyboard; name = Base; path = Base.lproj/LaunchScreen.storyboard; sourceTree = "<group>"; };
		6F765B721E50744D002B1BB2 /* Info.plist */ = {isa = PBXFileReference; lastKnownFileType = text.plist.xml; path = Info.plist; sourceTree = "<group>"; };
		6F765B781E5075A5002B1BB2 /* MasterViewController.h */ = {isa = PBXFileReference; fileEncoding = 4; lastKnownFileType = sourcecode.c.h; path = MasterViewController.h; sourceTree = "<group>"; };
		6F765B791E5075A5002B1BB2 /* MasterViewController.m */ = {isa = PBXFileReference; fileEncoding = 4; lastKnownFileType = sourcecode.c.objc; path = MasterViewController.m; sourceTree = "<group>"; };
/* End PBXFileReference section */

/* Begin PBXFrameworksBuildPhase section */
		6F765B5B1E50744D002B1BB2 /* Frameworks */ = {
			isa = PBXFrameworksBuildPhase;
			buildActionMask = 2147483647;
			files = (
			);
			runOnlyForDeploymentPostprocessing = 0;
		};
/* End PBXFrameworksBuildPhase section */

/* Begin PBXGroup section */
		6F765B551E50744D002B1BB2 = {
			isa = PBXGroup;
			children = (
				6F765B601E50744D002B1BB2 /* CustomCell */,
				6F765B5F1E50744D002B1BB2 /* Products */,
			);
			sourceTree = "<group>";
		};
		6F765B5F1E50744D002B1BB2 /* Products */ = {
			isa = PBXGroup;
			children = (
				6F765B5E1E50744D002B1BB2 /* CustomCell.app */,
			);
			name = Products;
			sourceTree = "<group>";
		};
		6F765B601E50744D002B1BB2 /* CustomCell */ = {
			isa = PBXGroup;
			children = (
				6F765B641E50744D002B1BB2 /* AppDelegate.h */,
				6F765B651E50744D002B1BB2 /* AppDelegate.m */,
				6F765B781E5075A5002B1BB2 /* MasterViewController.h */,
				6F765B791E5075A5002B1BB2 /* MasterViewController.m */,
				6F765B6A1E50744D002B1BB2 /* Main.storyboard */,
				6F765B6D1E50744D002B1BB2 /* Assets.xcassets */,
				6F765B6F1E50744D002B1BB2 /* LaunchScreen.storyboard */,
				6F765B721E50744D002B1BB2 /* Info.plist */,
				6F765B611E50744D002B1BB2 /* Supporting Files */,
			);
			path = CustomCell;
			sourceTree = "<group>";
		};
		6F765B611E50744D002B1BB2 /* Supporting Files */ = {
			isa = PBXGroup;
			children = (
				6F765B621E50744D002B1BB2 /* main.m */,
			);
			name = "Supporting Files";
			sourceTree = "<group>";
		};
/* End PBXGroup section */

/* Begin PBXNativeTarget section */
		6F765B5D1E50744D002B1BB2 /* CustomCell */ = {
			isa = PBXNativeTarget;
			buildConfigurationList = 6F765B751E50744D002B1BB2 /* Build configuration list for PBXNativeTarget "CustomCell" */;
			buildPhases = (
				6F765B5A1E50744D002B1BB2 /* Sources */,
				6F765B5B1E50744D002B1BB2 /* Frameworks */,
				6F765B5C1E50744D002B1BB2 /* Resources */,
			);
			buildRules = (
			);
			dependencies = (
			);
			name = CustomCell;
			productName = CustomCell;
			productReference = 6F765B5E1E50744D002B1BB2 /* CustomCell.app */;
			productType = "com.apple.product-type.application";
		};
/* End PBXNativeTarget section */

/* Begin PBXProject section */
		6F765B561E50744D002B1BB2 /* Project object */ = {
			isa = PBXProject;
			attributes = {
				LastUpgradeCheck = 0820;
				ORGANIZATIONNAME = YoungsooHan;
				TargetAttributes = {
					6F765B5D1E50744D002B1BB2 = {
						CreatedOnToolsVersion = 8.2.1;
						ProvisioningStyle = Automatic;
					};
				};
			};
			buildConfigurationList = 6F765B591E50744D002B1BB2 /* Build configuration list for PBXProject "CustomCell" */;
			compatibilityVersion = "Xcode 3.2";
			developmentRegion = English;
			hasScannedForEncodings = 0;
			knownRegions = (
				en,
				Base,
			);
			mainGroup = 6F765B551E50744D002B1BB2;
			productRefGroup = 6F765B5F1E50744D002B1BB2 /* Products */;
			projectDirPath = "";
			projectRoot = "";
			targets = (
				6F765B5D1E50744D002B1BB2 /* CustomCell */,
			);
		};
/* End PBXProject section */

/* Begin PBXResourcesBuildPhase section */
		6F765B5C1E50744D002B1BB2 /* Resources */ = {
			isa = PBXResourcesBuildPhase;
			buildActionMask = 2147483647;
			files = (
				6F765B711E50744D002B1BB2 /* LaunchScreen.storyboard in Resources */,
				6F765B6E1E50744D002B1BB2 /* Assets.xcassets in Resources */,
				6F765B6C1E50744D002B1BB2 /* Main.storyboard in Resources */,
			);
			runOnlyForDeploymentPostprocessing = 0;
		};
/* End PBXResourcesBuildPhase section */

/* Begin PBXSourcesBuildPhase section */
		6F765B5A1E50744D002B1BB2 /* Sources */ = {
			isa = PBXSourcesBuildPhase;
			buildActionMask = 2147483647;
			files = (
				6F765B7A1E5075A5002B1BB2 /* MasterViewController.m in Sources */,
				6F765B661E50744D002B1BB2 /* AppDelegate.m in Sources */,
				6F765B631E50744D002B1BB2 /* main.m in Sources */,
			);
			runOnlyForDeploymentPostprocessing = 0;
		};
/* End PBXSourcesBuildPhase section */

/* Begin PBXVariantGroup section */
		6F765B6A1E50744D002B1BB2 /* Main.storyboard */ = {
			isa = PBXVariantGroup;
			children = (
				6F765B6B1E50744D002B1BB2 /* Base */,
			);
			name = Main.storyboard;
			sourceTree = "<group>";
		};
		6F765B6F1E50744D002B1BB2 /* LaunchScreen.storyboard */ = {
			isa = PBXVariantGroup;
			children = (
				6F765B701E50744D002B1BB2 /* Base */,
			);
			name = LaunchScreen.storyboard;
			sourceTree = "<group>";
		};
/* End PBXVariantGroup section */

/* Begin XCBuildConfiguration section */
		6F765B731E50744D002B1BB2 /* Debug */ = {
			isa = XCBuildConfiguration;
			buildSettings = {
				ALWAYS_SEARCH_USER_PATHS = NO;
				CLANG_ANALYZER_NONNULL = YES;
				CLANG_CXX_LANGUAGE_STANDARD = "gnu++0x";
				CLANG_CXX_LIBRARY = "libc++";
				CLANG_ENABLE_MODULES = YES;
				CLANG_ENABLE_OBJC_ARC = YES;
				CLANG_WARN_BOOL_CONVERSION = YES;
				CLANG_WARN_CONSTANT_CONVERSION = YES;
				CLANG_WARN_DIRECT_OBJC_ISA_USAGE = YES_ERROR;
				CLANG_WARN_DOCUMENTATION_COMMENTS = YES;
				CLANG_WARN_EMPTY_BODY = YES;
				CLANG_WARN_ENUM_CONVERSION = YES;
				CLANG_WARN_INFINITE_RECURSION = YES;
				CLANG_WARN_INT_CONVERSION = YES;
				CLANG_WARN_OBJC_ROOT_CLASS = YES_ERROR;
				CLANG_WARN_SUSPICIOUS_MOVE = YES;
				CLANG_WARN_UNREACHABLE_CODE = YES;
				CLANG_WARN__DUPLICATE_METHOD_MATCH = YES;
				"CODE_SIGN_IDENTITY[sdk=iphoneos*]" = "iPhone Developer";
				COPY_PHASE_STRIP = NO;
				DEBUG_INFORMATION_FORMAT = dwarf;
				ENABLE_STRICT_OBJC_MSGSEND = YES;
				ENABLE_TESTABILITY = YES;
				GCC_C_LANGUAGE_STANDARD = gnu99;
				GCC_DYNAMIC_NO_PIC = NO;
				GCC_NO_COMMON_BLOCKS = YES;
				GCC_OPTIMIZATION_LEVEL = 0;
				GCC_PREPROCESSOR_DEFINITIONS = (
					"DEBUG=1",
					"$(inherited)",
				);
				GCC_WARN_64_TO_32_BIT_CONVERSION = YES;
				GCC_WARN_ABOUT_RETURN_TYPE = YES_ERROR;
				GCC_WARN_UNDECLARED_SELECTOR = YES;
				GCC_WARN_UNINITIALIZED_AUTOS = YES_AGGRESSIVE;
				GCC_WARN_UNUSED_FUNCTION = YES;
				GCC_WARN_UNUSED_VARIABLE = YES;
				IPHONEOS_DEPLOYMENT_TARGET = 10.2;
				MTL_ENABLE_DEBUG_INFO = YES;
				ONLY_ACTIVE_ARCH = YES;
				SDKROOT = iphoneos;
			};
			name = Debug;
		};
		6F765B741E50744D002B1BB2 /* Release */ = {
			isa = XCBuildConfiguration;
			buildSettings = {
				ALWAYS_SEARCH_USER_PATHS = NO;
				CLANG_ANALYZER_NONNULL = YES;
				CLANG_CXX_LANGUAGE_STANDARD = "gnu++0x";
				CLANG_CXX_LIBRARY = "libc++";
				CLANG_ENABLE_MODULES = YES;
				CLANG_ENABLE_OBJC_ARC = YES;
				CLANG_WARN_BOOL_CONVERSION = YES;
				CLANG_WARN_CONSTANT_CONVERSION = YES;
				CLANG_WARN_DIRECT_OBJC_ISA_USAGE = YES_ERROR;
				CLANG_WARN_DOCUMENTATION_COMMENTS = YES;
				CLANG_WARN_EMPTY_BODY = YES;
				CLANG_WARN_ENUM_CONVERSION = YES;
				CLANG_WARN_INFINITE_RECURSION = YES;
				CLANG_WARN_INT_CONVERSION = YES;
				CLANG_WARN_OBJC_ROOT_CLASS = YES_ERROR;
				CLANG_WARN_SUSPICIOUS_MOVE = YES;
				CLANG_WARN_UNREACHABLE_CODE = YES;
				CLANG_WARN__DUPLICATE_METHOD_MATCH = YES;
				"CODE_SIGN_IDENTITY[sdk=iphoneos*]" = "iPhone Developer";
				COPY_PHASE_STRIP = NO;
				DEBUG_INFORMATION_FORMAT = "dwarf-with-dsym";
				ENABLE_NS_ASSERTIONS = NO;
				ENABLE_STRICT_OBJC_MSGSEND = YES;
				GCC_C_LANGUAGE_STANDARD = gnu99;
				GCC_NO_COMMON_BLOCKS = YES;
				GCC_WARN_64_TO_32_BIT_CONVERSION = YES;
				GCC_WARN_ABOUT_RETURN_TYPE = YES_ERROR;
				GCC_WARN_UNDECLARED_SELECTOR = YES;
				GCC_WARN_UNINITIALIZED_AUTOS = YES_AGGRESSIVE;
				GCC_WARN_UNUSED_FUNCTION = YES;
				GCC_WARN_UNUSED_VARIABLE = YES;
				IPHONEOS_DEPLOYMENT_TARGET = 10.2;
				MTL_ENABLE_DEBUG_INFO = NO;
				SDKROOT = iphoneos;
				VALIDATE_PRODUCT = YES;
			};
			name = Release;
		};
		6F765B761E50744D002B1BB2 /* Debug */ = {
			isa = XCBuildConfiguration;
			buildSettings = {
				ASSETCATALOG_COMPILER_APPICON_NAME = AppIcon;
				INFOPLIST_FILE = CustomCell/Info.plist;
				LD_RUNPATH_SEARCH_PATHS = "$(inherited) @executable_path/Frameworks";
				PRODUCT_BUNDLE_IDENTIFIER = com.hys.develop.CustomCell;
				PRODUCT_NAME = "$(TARGET_NAME)";
			};
			name = Debug;
		};
		6F765B771E50744D002B1BB2 /* Release */ = {
			isa = XCBuildConfiguration;
			buildSettings = {
				ASSETCATALOG_COMPILER_APPICON_NAME = AppIcon;
				INFOPLIST_FILE = CustomCell/Info.plist;
				LD_RUNPATH_SEARCH_PATHS = "$(inherited) @executable_path/Frameworks";
				PRODUCT_BUNDLE_IDENTIFIER = com.hys.develop.CustomCell;
				PRODUCT_NAME = "$(TARGET_NAME)";
			};
			name = Release;
		};
/* End XCBuildConfiguration section */

/* Begin XCConfigurationList section */
		6F765B591E50744D002B1BB2 /* Build configuration list for PBXProject "CustomCell" */ = {
			isa = XCConfigurationList;
			buildConfigurations = (
				6F765B731E50744D002B1BB2 /* Debug */,
				6F765B741E50744D002B1BB2 /* Release */,
			);
			defaultConfigurationIsVisible = 0;
			defaultConfigurationName = Release;
		};
		6F765B751E50744D002B1BB2 /* Build configuration list for PBXNativeTarget "CustomCell" */ = {
			isa = XCConfigurationList;
			buildConfigurations = (
				6F765B761E50744D002B1BB2 /* Debug */,
				6F765B771E50744D002B1BB2 /* Release */,
			);
			defaultConfigurationIsVisible = 0;
		};
/* End XCConfigurationList section */
	};
	rootObject = 6F765B561E50744D002B1BB2 /* Project object */;
}
